// !$*UTF8*$!
{
	archiveVersion = 1;
	classes = {
	};
	objectVersion = 56;
	objects = {

/* Begin PBXBuildFile section */
		5AC2F84C2B97536A0032EC49 /* AppDelegate.swift in Sources */ = {isa = PBXBuildFile; fileRef = 5AC2F84B2B97536A0032EC49 /* AppDelegate.swift */; };
		5AC2F8502B97536A0032EC49 /* ViewController.swift in Sources */ = {isa = PBXBuildFile; fileRef = 5AC2F84F2B97536A0032EC49 /* ViewController.swift */; };
		5AC2F8532B97536A0032EC49 /* Main.storyboard in Resources */ = {isa = PBXBuildFile; fileRef = 5AC2F8512B97536A0032EC49 /* Main.storyboard */; };
		5AC2F8552B97536C0032EC49 /* Assets.xcassets in Resources */ = {isa = PBXBuildFile; fileRef = 5AC2F8542B97536C0032EC49 /* Assets.xcassets */; };
		5AC2F8582B97536C0032EC49 /* LaunchScreen.storyboard in Resources */ = {isa = PBXBuildFile; fileRef = 5AC2F8562B97536C0032EC49 /* LaunchScreen.storyboard */; };
		5AC2F8642B9755040032EC49 /* Localizable.xcstrings in Resources */ = {isa = PBXBuildFile; fileRef = 5AC2F8632B9755040032EC49 /* Localizable.xcstrings */; };
		5AC2F8662B98211A0032EC49 /* UserDefaults+Wrapper.swift in Sources */ = {isa = PBXBuildFile; fileRef = 5AC2F8652B98211A0032EC49 /* UserDefaults+Wrapper.swift */; };
/* End PBXBuildFile section */

/* Begin PBXFileReference section */
		5AC2F8482B97536A0032EC49 /* Localization-Catalog-UIKit.app */ = {isa = PBXFileReference; explicitFileType = wrapper.application; includeInIndex = 0; path = "Localization-Catalog-UIKit.app"; sourceTree = BUILT_PRODUCTS_DIR; };
		5AC2F84B2B97536A0032EC49 /* AppDelegate.swift */ = {isa = PBXFileReference; lastKnownFileType = sourcecode.swift; path = AppDelegate.swift; sourceTree = "<group>"; };
		5AC2F84F2B97536A0032EC49 /* ViewController.swift */ = {isa = PBXFileReference; lastKnownFileType = sourcecode.swift; path = ViewController.swift; sourceTree = "<group>"; };
		5AC2F8522B97536A0032EC49 /* Base */ = {isa = PBXFileReference; lastKnownFileType = file.storyboard; name = Base; path = Base.lproj/Main.storyboard; sourceTree = "<group>"; };
		5AC2F8542B97536C0032EC49 /* Assets.xcassets */ = {isa = PBXFileReference; lastKnownFileType = folder.assetcatalog; path = Assets.xcassets; sourceTree = "<group>"; };
		5AC2F8572B97536C0032EC49 /* Base */ = {isa = PBXFileReference; lastKnownFileType = file.storyboard; name = Base; path = Base.lproj/LaunchScreen.storyboard; sourceTree = "<group>"; };
		5AC2F8592B97536C0032EC49 /* Info.plist */ = {isa = PBXFileReference; lastKnownFileType = text.plist.xml; path = Info.plist; sourceTree = "<group>"; };
		5AC2F8632B9755040032EC49 /* Localizable.xcstrings */ = {isa = PBXFileReference; lastKnownFileType = text.json.xcstrings; path = Localizable.xcstrings; sourceTree = "<group>"; };
		5AC2F8652B98211A0032EC49 /* UserDefaults+Wrapper.swift */ = {isa = PBXFileReference; lastKnownFileType = sourcecode.swift; path = "UserDefaults+Wrapper.swift"; sourceTree = "<group>"; };
/* End PBXFileReference section */

/* Begin PBXFrameworksBuildPhase section */
		5AC2F8452B97536A0032EC49 /* Frameworks */ = {
			isa = PBXFrameworksBuildPhase;
			buildActionMask = 2147483647;
			files = (
			);
			runOnlyForDeploymentPostprocessing = 0;
		};
/* End PBXFrameworksBuildPhase section */

/* Begin PBXGroup section */
		5AC2F83F2B97536A0032EC49 = {
			isa = PBXGroup;
			children = (
				5AC2F84A2B97536A0032EC49 /* Localization-Catalog-UIKit */,
				5AC2F8492B97536A0032EC49 /* Products */,
			);
			sourceTree = "<group>";
		};
		5AC2F8492B97536A0032EC49 /* Products */ = {
			isa = PBXGroup;
			children = (
				5AC2F8482B97536A0032EC49 /* Localization-Catalog-UIKit.app */,
			);
			name = Products;
			sourceTree = "<group>";
		};
		5AC2F84A2B97536A0032EC49 /* Localization-Catalog-UIKit */ = {
			isa = PBXGroup;
			children = (
				5AC2F8612B9753AA0032EC49 /* AppDelegate */,
				5AC2F8622B9753B50032EC49 /* ViewController */,
				5AC2F8602B97539D0032EC49 /* Storyboard */,
				5AC2F85F2B9753770032EC49 /* Others */,
			);
			path = "Localization-Catalog-UIKit";
			sourceTree = "<group>";
		};
		5AC2F85F2B9753770032EC49 /* Others */ = {
			isa = PBXGroup;
			children = (
				5AC2F8542B97536C0032EC49 /* Assets.xcassets */,
				5AC2F8562B97536C0032EC49 /* LaunchScreen.storyboard */,
				5AC2F8592B97536C0032EC49 /* Info.plist */,
				5AC2F8632B9755040032EC49 /* Localizable.xcstrings */,
				5AC2F8652B98211A0032EC49 /* UserDefaults+Wrapper.swift */,
			);
			path = Others;
			sourceTree = "<group>";
		};
		5AC2F8602B97539D0032EC49 /* Storyboard */ = {
			isa = PBXGroup;
			children = (
				5AC2F8512B97536A0032EC49 /* Main.storyboard */,
			);
			path = Storyboard;
			sourceTree = "<group>";
		};
		5AC2F8612B9753AA0032EC49 /* AppDelegate */ = {
			isa = PBXGroup;
			children = (
				5AC2F84B2B97536A0032EC49 /* AppDelegate.swift */,
			);
			path = AppDelegate;
			sourceTree = "<group>";
		};
		5AC2F8622B9753B50032EC49 /* ViewController */ = {
			isa = PBXGroup;
			children = (
				5AC2F84F2B97536A0032EC49 /* ViewController.swift */,
			);
			path = ViewController;
			sourceTree = "<group>";
		};
/* End PBXGroup section */

/* Begin PBXNativeTarget section */
		5AC2F8472B97536A0032EC49 /* Localization-Catalog-UIKit */ = {
			isa = PBXNativeTarget;
			buildConfigurationList = 5AC2F85C2B97536C0032EC49 /* Build configuration list for PBXNativeTarget "Localization-Catalog-UIKit" */;
			buildPhases = (
				5AC2F8442B97536A0032EC49 /* Sources */,
				5AC2F8452B97536A0032EC49 /* Frameworks */,
				5AC2F8462B97536A0032EC49 /* Resources */,
			);
			buildRules = (
			);
			dependencies = (
			);
			name = "Localization-Catalog-UIKit";
			productName = "Localization-Catalog-UIKit";
			productReference = 5AC2F8482B97536A0032EC49 /* Localization-Catalog-UIKit.app */;
			productType = "com.apple.product-type.application";
		};
/* End PBXNativeTarget section */

/* Begin PBXProject section */
		5AC2F8402B97536A0032EC49 /* Project object */ = {
			isa = PBXProject;
			attributes = {
				BuildIndependentTargetsInParallel = 1;
				LastSwiftUpdateCheck = 1520;
				LastUpgradeCheck = 1520;
				TargetAttributes = {
					5AC2F8472B97536A0032EC49 = {
						CreatedOnToolsVersion = 15.2;
					};
				};
			};
			buildConfigurationList = 5AC2F8432B97536A0032EC49 /* Build configuration list for PBXProject "Localization-Catalog-UIKit" */;
			compatibilityVersion = "Xcode 14.0";
			developmentRegion = en;
			hasScannedForEncodings = 0;
			knownRegions = (
				en,
				Base,
				es,
				hi,
			);
			mainGroup = 5AC2F83F2B97536A0032EC49;
			productRefGroup = 5AC2F8492B97536A0032EC49 /* Products */;
			projectDirPath = "";
			projectRoot = "";
			targets = (
				5AC2F8472B97536A0032EC49 /* Localization-Catalog-UIKit */,
			);
		};
/* End PBXProject section */

/* Begin PBXResourcesBuildPhase section */
		5AC2F8462B97536A0032EC49 /* Resources */ = {
			isa = PBXResourcesBuildPhase;
			buildActionMask = 2147483647;
			files = (
				5AC2F8582B97536C0032EC49 /* LaunchScreen.storyboard in Resources */,
				5AC2F8552B97536C0032EC49 /* Assets.xcassets in Resources */,
				5AC2F8642B9755040032EC49 /* Localizable.xcstrings in Resources */,
				5AC2F8532B97536A0032EC49 /* Main.storyboard in Resources */,
			);
			runOnlyForDeploymentPostprocessing = 0;
		};
/* End PBXResourcesBuildPhase section */

/* Begin PBXSourcesBuildPhase section */
		5AC2F8442B97536A0032EC49 /* Sources */ = {
			isa = PBXSourcesBuildPhase;
			buildActionMask = 2147483647;
			files = (
				5AC2F8502B97536A0032EC49 /* ViewController.swift in Sources */,
				5AC2F84C2B97536A0032EC49 /* AppDelegate.swift in Sources */,
				5AC2F8662B98211A0032EC49 /* UserDefaults+Wrapper.swift in Sources */,
			);
			runOnlyForDeploymentPostprocessing = 0;
		};
/* End PBXSourcesBuildPhase section */

/* Begin PBXVariantGroup section */
		5AC2F8512B97536A0032EC49 /* Main.storyboard */ = {
			isa = PBXVariantGroup;
			children = (
				5AC2F8522B97536A0032EC49 /* Base */,
			);
			name = Main.storyboard;
			sourceTree = "<group>";
		};
		5AC2F8562B97536C0032EC49 /* LaunchScreen.storyboard */ = {
			isa = PBXVariantGroup;
			children = (
				5AC2F8572B97536C0032EC49 /* Base */,
			);
			name = LaunchScreen.storyboard;
			sourceTree = "<group>";
		};
/* End PBXVariantGroup section */

/* Begin XCBuildConfiguration section */
		5AC2F85A2B97536C0032EC49 /* Debug */ = {
			isa = XCBuildConfiguration;
			buildSettings = {
				ALWAYS_SEARCH_USER_PATHS = NO;
				ASSETCATALOG_COMPILER_GENERATE_SWIFT_ASSET_SYMBOL_EXTENSIONS = YES;
				CLANG_ANALYZER_NONNULL = YES;
				CLANG_ANALYZER_NUMBER_OBJECT_CONVERSION = YES_AGGRESSIVE;
				CLANG_CXX_LANGUAGE_STANDARD = "gnu++20";
				CLANG_ENABLE_MODULES = YES;
				CLANG_ENABLE_OBJC_ARC = YES;
				CLANG_ENABLE_OBJC_WEAK = YES;
				CLANG_WARN_BLOCK_CAPTURE_AUTORELEASING = YES;
				CLANG_WARN_BOOL_CONVERSION = YES;
				CLANG_WARN_COMMA = YES;
				CLANG_WARN_CONSTANT_CONVERSION = YES;
				CLANG_WARN_DEPRECATED_OBJC_IMPLEMENTATIONS = YES;
				CLANG_WARN_DIRECT_OBJC_ISA_USAGE = YES_ERROR;
				CLANG_WARN_DOCUMENTATION_COMMENTS = YES;
				CLANG_WARN_EMPTY_BODY = YES;
				CLANG_WARN_ENUM_CONVERSION = YES;
				CLANG_WARN_INFINITE_RECURSION = YES;
				CLANG_WARN_INT_CONVERSION = YES;
				CLANG_WARN_NON_LITERAL_NULL_CONVERSION = YES;
				CLANG_WARN_OBJC_IMPLICIT_RETAIN_SELF = YES;
				CLANG_WARN_OBJC_LITERAL_CONVERSION = YES;
				CLANG_WARN_OBJC_ROOT_CLASS = YES_ERROR;
				CLANG_WARN_QUOTED_INCLUDE_IN_FRAMEWORK_HEADER = YES;
				CLANG_WARN_RANGE_LOOP_ANALYSIS = YES;
				CLANG_WARN_STRICT_PROTOTYPES = YES;
				CLANG_WARN_SUSPICIOUS_MOVE = YES;
				CLANG_WARN_UNGUARDED_AVAILABILITY = YES_AGGRESSIVE;
				CLANG_WARN_UNREACHABLE_CODE = YES;
				CLANG_WARN__DUPLICATE_METHOD_MATCH = YES;
				COPY_PHASE_STRIP = NO;
				DEBUG_INFORMATION_FORMAT = dwarf;
				ENABLE_STRICT_OBJC_MSGSEND = YES;
				ENABLE_TESTABILITY = YES;
				ENABLE_USER_SCRIPT_SANDBOXING = YES;
				GCC_C_LANGUAGE_STANDARD = gnu17;
				GCC_DYNAMIC_NO_PIC = NO;
				GCC_NO_COMMON_BLOCKS = YES;
				GCC_OPTIMIZATION_LEVEL = 0;
				GCC_PREPROCESSOR_DEFINITIONS = (
					"DEBUG=1",
					"$(inherited)",
				);
				GCC_WARN_64_TO_32_BIT_CONVERSION = YES;
				GCC_WARN_ABOUT_RETURN_TYPE = YES_ERROR;
				GCC_WARN_UNDECLARED_SELECTOR = YES;
				GCC_WARN_UNINITIALIZED_AUTOS = YES_AGGRESSIVE;
				GCC_WARN_UNUSED_FUNCTION = YES;
				GCC_WARN_UNUSED_VARIABLE = YES;
				IPHONEOS_DEPLOYMENT_TARGET = 17.2;
				LOCALIZATION_PREFERS_STRING_CATALOGS = YES;
				MTL_ENABLE_DEBUG_INFO = INCLUDE_SOURCE;
				MTL_FAST_MATH = YES;
				ONLY_ACTIVE_ARCH = YES;
				SDKROOT = iphoneos;
				SWIFT_ACTIVE_COMPILATION_CONDITIONS = "DEBUG $(inherited)";
				SWIFT_OPTIMIZATION_LEVEL = "-Onone";
			};
			name = Debug;
		};
		5AC2F85B2B97536C0032EC49 /* Release */ = {
			isa = XCBuildConfiguration;
			buildSettings = {
				ALWAYS_SEARCH_USER_PATHS = NO;
				ASSETCATALOG_COMPILER_GENERATE_SWIFT_ASSET_SYMBOL_EXTENSIONS = YES;
				CLANG_ANALYZER_NONNULL = YES;
				CLANG_ANALYZER_NUMBER_OBJECT_CONVERSION = YES_AGGRESSIVE;
				CLANG_CXX_LANGUAGE_STANDARD = "gnu++20";
				CLANG_ENABLE_MODULES = YES;
				CLANG_ENABLE_OBJC_ARC = YES;
				CLANG_ENABLE_OBJC_WEAK = YES;
				CLANG_WARN_BLOCK_CAPTURE_AUTORELEASING = YES;
				CLANG_WARN_BOOL_CONVERSION = YES;
				CLANG_WARN_COMMA = YES;
				CLANG_WARN_CONSTANT_CONVERSION = YES;
				CLANG_WARN_DEPRECATED_OBJC_IMPLEMENTATIONS = YES;
				CLANG_WARN_DIRECT_OBJC_ISA_USAGE = YES_ERROR;
				CLANG_WARN_DOCUMENTATION_COMMENTS = YES;
				CLANG_WARN_EMPTY_BODY = YES;
				CLANG_WARN_ENUM_CONVERSION = YES;
				CLANG_WARN_INFINITE_RECURSION = YES;
				CLANG_WARN_INT_CONVERSION = YES;
				CLANG_WARN_NON_LITERAL_NULL_CONVERSION = YES;
				CLANG_WARN_OBJC_IMPLICIT_RETAIN_SELF = YES;
				CLANG_WARN_OBJC_LITERAL_CONVERSION = YES;
				CLANG_WARN_OBJC_ROOT_CLASS = YES_ERROR;
				CLANG_WARN_QUOTED_INCLUDE_IN_FRAMEWORK_HEADER = YES;
				CLANG_WARN_RANGE_LOOP_ANALYSIS = YES;
				CLANG_WARN_STRICT_PROTOTYPES = YES;
				CLANG_WARN_SUSPICIOUS_MOVE = YES;
				CLANG_WARN_UNGUARDED_AVAILABILITY = YES_AGGRESSIVE;
				CLANG_WARN_UNREACHABLE_CODE = YES;
				CLANG_WARN__DUPLICATE_METHOD_MATCH = YES;
				COPY_PHASE_STRIP = NO;
				DEBUG_INFORMATION_FORMAT = "dwarf-with-dsym";
				ENABLE_NS_ASSERTIONS = NO;
				ENABLE_STRICT_OBJC_MSGSEND = YES;
				ENABLE_USER_SCRIPT_SANDBOXING = YES;
				GCC_C_LANGUAGE_STANDARD = gnu17;
				GCC_NO_COMMON_BLOCKS = YES;
				GCC_WARN_64_TO_32_BIT_CONVERSION = YES;
				GCC_WARN_ABOUT_RETURN_TYPE = YES_ERROR;
				GCC_WARN_UNDECLARED_SELECTOR = YES;
				GCC_WARN_UNINITIALIZED_AUTOS = YES_AGGRESSIVE;
				GCC_WARN_UNUSED_FUNCTION = YES;
				GCC_WARN_UNUSED_VARIABLE = YES;
				IPHONEOS_DEPLOYMENT_TARGET = 17.2;
				LOCALIZATION_PREFERS_STRING_CATALOGS = YES;
				MTL_ENABLE_DEBUG_INFO = NO;
				MTL_FAST_MATH = YES;
				SDKROOT = iphoneos;
				SWIFT_COMPILATION_MODE = wholemodule;
				VALIDATE_PRODUCT = YES;
			};
			name = Release;
		};
		5AC2F85D2B97536C0032EC49 /* Debug */ = {
			isa = XCBuildConfiguration;
			buildSettings = {
				ASSETCATALOG_COMPILER_APPICON_NAME = AppIcon;
				ASSETCATALOG_COMPILER_GLOBAL_ACCENT_COLOR_NAME = AccentColor;
				CODE_SIGN_STYLE = Automatic;
				CURRENT_PROJECT_VERSION = 1;
				DEVELOPMENT_TEAM = 6CWF679Z8N;
				GENERATE_INFOPLIST_FILE = YES;
				INFOPLIST_FILE = "Localization-Catalog-UIKit/Others/Info.plist";
				INFOPLIST_KEY_UIApplicationSupportsIndirectInputEvents = YES;
				INFOPLIST_KEY_UILaunchStoryboardName = LaunchScreen;
				INFOPLIST_KEY_UIMainStoryboardFile = Main;
				INFOPLIST_KEY_UISupportedInterfaceOrientations_iPad = "UIInterfaceOrientationPortrait UIInterfaceOrientationPortraitUpsideDown UIInterfaceOrientationLandscapeLeft UIInterfaceOrientationLandscapeRight";
				INFOPLIST_KEY_UISupportedInterfaceOrientations_iPhone = "UIInterfaceOrientationPortrait UIInterfaceOrientationLandscapeLeft UIInterfaceOrientationLandscapeRight";
				LD_RUNPATH_SEARCH_PATHS = (
					"$(inherited)",
					"@executable_path/Frameworks",
				);
				MARKETING_VERSION = 1.0;
				PRODUCT_BUNDLE_IDENTIFIER = "Sparkout-Tech-Solutions-Pvt.-Ltd..Localization-Catalog-UIKit";
				PRODUCT_NAME = "$(TARGET_NAME)";
				SUPPORTED_PLATFORMS = "iphoneos iphonesimulator";
				SUPPORTS_MACCATALYST = NO;
				SUPPORTS_MAC_DESIGNED_FOR_IPHONE_IPAD = NO;
				SUPPORTS_XR_DESIGNED_FOR_IPHONE_IPAD = NO;
				SWIFT_EMIT_LOC_STRINGS = YES;
				SWIFT_VERSION = 5.0;
				TARGETED_DEVICE_FAMILY = 1;
			};
			name = Debug;
		};
		5AC2F85E2B97536C0032EC49 /* Release */ = {
			isa = XCBuildConfiguration;
			buildSettings = {
				ASSETCATALOG_COMPILER_APPICON_NAME = AppIcon;
				ASSETCATALOG_COMPILER_GLOBAL_ACCENT_COLOR_NAME = AccentColor;
				CODE_SIGN_STYLE = Automatic;
				CURRENT_PROJECT_VERSION = 1;
				DEVELOPMENT_TEAM = 6CWF679Z8N;
				GENERATE_INFOPLIST_FILE = YES;
				INFOPLIST_FILE = "Localization-Catalog-UIKit/Others/Info.plist";
				INFOPLIST_KEY_UIApplicationSupportsIndirectInputEvents = YES;
				INFOPLIST_KEY_UILaunchStoryboardName = LaunchScreen;
				INFOPLIST_KEY_UIMainStoryboardFile = Main;
				INFOPLIST_KEY_UISupportedInterfaceOrientations_iPad = "UIInterfaceOrientationPortrait UIInterfaceOrientationPortraitUpsideDown UIInterfaceOrientationLandscapeLeft UIInterfaceOrientationLandscapeRight";
				INFOPLIST_KEY_UISupportedInterfaceOrientations_iPhone = "UIInterfaceOrientationPortrait UIInterfaceOrientationLandscapeLeft UIInterfaceOrientationLandscapeRight";
				LD_RUNPATH_SEARCH_PATHS = (
					"$(inherited)",
					"@executable_path/Frameworks",
				);
				MARKETING_VERSION = 1.0;
				PRODUCT_BUNDLE_IDENTIFIER = "Sparkout-Tech-Solutions-Pvt.-Ltd..Localization-Catalog-UIKit";
				PRODUCT_NAME = "$(TARGET_NAME)";
				SUPPORTED_PLATFORMS = "iphoneos iphonesimulator";
				SUPPORTS_MACCATALYST = NO;
				SUPPORTS_MAC_DESIGNED_FOR_IPHONE_IPAD = NO;
				SUPPORTS_XR_DESIGNED_FOR_IPHONE_IPAD = NO;
				SWIFT_EMIT_LOC_STRINGS = YES;
				SWIFT_VERSION = 5.0;
				TARGETED_DEVICE_FAMILY = 1;
			};
			name = Release;
		};
/* End XCBuildConfiguration section */

/* Begin XCConfigurationList section */
		5AC2F8432B97536A0032EC49 /* Build configuration list for PBXProject "Localization-Catalog-UIKit" */ = {
			isa = XCConfigurationList;
			buildConfigurations = (
				5AC2F85A2B97536C0032EC49 /* Debug */,
				5AC2F85B2B97536C0032EC49 /* Release */,
			);
			defaultConfigurationIsVisible = 0;
			defaultConfigurationName = Release;
		};
		5AC2F85C2B97536C0032EC49 /* Build configuration list for PBXNativeTarget "Localization-Catalog-UIKit" */ = {
			isa = XCConfigurationList;
			buildConfigurations = (
				5AC2F85D2B97536C0032EC49 /* Debug */,
				5AC2F85E2B97536C0032EC49 /* Release */,
			);
			defaultConfigurationIsVisible = 0;
			defaultConfigurationName = Release;
		};
/* End XCConfigurationList section */
	};
	rootObject = 5AC2F8402B97536A0032EC49 /* Project object */;
}
